
Microsoft Visual Studio Solution File, Format Version 12.00
# Visual Studio 15
VisualStudioVersion = 15.0.28307.329
MinimumVisualStudioVersion = 10.0.40219.1
Project("{8BC9CEB8-8B4A-11D0-8D11-00A0C91BC942}") = "generalization", "generalization\generalization.vcxproj", "{45797728-463F-4D22-9E27-5333639BA466}"
EndProject
Global
	GlobalSection(SolutionConfigurationPlatforms) = preSolution
		Debug|x86 = Debug|x86
		Release|x86 = Release|x86
	EndGlobalSection
	GlobalSection(ProjectConfigurationPlatforms) = postSolution
		{45797728-463F-4D22-9E27-5333639BA466}.Debug|x86.ActiveCfg = Debug|Win32
		{45797728-463F-4D22-9E27-5333639BA466}.Debug|x86.Build.0 = Debug|Win32
		{45797728-463F-4D22-9E27-5333639BA466}.Release|x86.ActiveCfg = Release|Win32
		{45797728-463F-4D22-9E27-5333639BA466}.Release|x86.Build.0 = Release|Win32
	EndGlobalSection
	GlobalSection(SolutionProperties) = preSolution
		HideSolutionNode = FALSE
	EndGlobalSection
	GlobalSection(ExtensibilityGlobals) = postSolution
		SolutionGuid = {07BAC8B5-038A-4896-930C-13D944169188}
	EndGlobalSection
EndGlobal
